{
  "requires": true,
  "lockfileVersion": 1,
  "dependencies": {
    "experimental-pathkit-wasm": {
      "version": "0.0.3",
      "resolved": "https://registry.npmjs.org/experimental-pathkit-wasm/-/experimental-pathkit-wasm-0.0.3.tgz",
      "integrity": "sha512-fhh/bb6hOAFtW1iu65N3Zge1oMlDixDyie8299RgTHxi9qdtqYkfRSw0N8eL5pbxTP+Si0JciihDia6FLVTNdA=="
    }
  }
}
