// !$*UTF8*$!
{
	archiveVersion = 1;
	classes = {
	};
	objectVersion = 42;
	objects = {

/* Begin PBXBuildFile section */
		00003C660EFC22A8000FF73A /* SampleApp.cpp in Sources */ = {isa = PBXBuildFile; fileRef = 00003C620EFC22A8000FF73A /* SampleApp.cpp */; };
		00003C680EFC22A8000FF73A /* SamplePath.cpp in Sources */ = {isa = PBXBuildFile; fileRef = 00003C640EFC22A8000FF73A /* SamplePath.cpp */; };
		00003C690EFC22A8000FF73A /* SamplePathEffects.cpp in Sources */ = {isa = PBXBuildFile; fileRef = 00003C650EFC22A8000FF73A /* SamplePathEffects.cpp */; };
		00003C740EFC22CE000FF73A /* SkEvent.cpp in Sources */ = {isa = PBXBuildFile; fileRef = 00003C6B0EFC22CE000FF73A /* SkEvent.cpp */; };
		00003C750EFC22CE000FF73A /* SkEventSink.cpp in Sources */ = {isa = PBXBuildFile; fileRef = 00003C6C0EFC22CE000FF73A /* SkEventSink.cpp */; };
		00003C760EFC22CE000FF73A /* SkMetaData.cpp in Sources */ = {isa = PBXBuildFile; fileRef = 00003C6D0EFC22CE000FF73A /* SkMetaData.cpp */; };
		00003C770EFC22CE000FF73A /* SkOSMenu.cpp in Sources */ = {isa = PBXBuildFile; fileRef = 00003C6E0EFC22CE000FF73A /* SkOSMenu.cpp */; };
		00003C790EFC22CE000FF73A /* SkTagList.cpp in Sources */ = {isa = PBXBuildFile; fileRef = 00003C700EFC22CE000FF73A /* SkTagList.cpp */; };
		00003C7A0EFC22CE000FF73A /* SkView.cpp in Sources */ = {isa = PBXBuildFile; fileRef = 00003C710EFC22CE000FF73A /* SkView.cpp */; };
		00003C7B0EFC22CE000FF73A /* SkViewPriv.cpp in Sources */ = {isa = PBXBuildFile; fileRef = 00003C720EFC22CE000FF73A /* SkViewPriv.cpp */; };
		00003C7C0EFC22CE000FF73A /* SkWindow.cpp in Sources */ = {isa = PBXBuildFile; fileRef = 00003C730EFC22CE000FF73A /* SkWindow.cpp */; };
		00003C810EFC22E1000FF73A /* skia_mac.cp in Sources */ = {isa = PBXBuildFile; fileRef = 00003C7E0EFC22E1000FF73A /* skia_mac.cp */; };
		00003C820EFC22E1000FF73A /* SkOSWindow_Mac.cpp in Sources */ = {isa = PBXBuildFile; fileRef = 00003C7F0EFC22E1000FF73A /* SkOSWindow_Mac.cpp */; };
		00003C950EFC2316000FF73A /* libeffects.a in Frameworks */ = {isa = PBXBuildFile; fileRef = 00003C940EFC230E000FF73A /* libeffects.a */; };
		00003C9E0EFC233F000FF73A /* SkDOM.cpp in Sources */ = {isa = PBXBuildFile; fileRef = 00003C9A0EFC233F000FF73A /* SkDOM.cpp */; };
		00003C9F0EFC233F000FF73A /* SkParse.cpp in Sources */ = {isa = PBXBuildFile; fileRef = 00003C9B0EFC233F000FF73A /* SkParse.cpp */; };
		00003CA00EFC233F000FF73A /* SkParseColor.cpp in Sources */ = {isa = PBXBuildFile; fileRef = 00003C9C0EFC233F000FF73A /* SkParseColor.cpp */; };
		00003CA10EFC233F000FF73A /* SkXMLParser.cpp in Sources */ = {isa = PBXBuildFile; fileRef = 00003C9D0EFC233F000FF73A /* SkXMLParser.cpp */; };
		00003CA40EFC235F000FF73A /* SkXMLParser_empty.cpp in Sources */ = {isa = PBXBuildFile; fileRef = 00003CA30EFC235F000FF73A /* SkXMLParser_empty.cpp */; };
		0028847B0EFAB46A0083E387 /* libcore.a in Frameworks */ = {isa = PBXBuildFile; fileRef = 002884510EFAA35C0083E387 /* libcore.a */; };
		002884BD0EFAB6A30083E387 /* libmaccore.a in Frameworks */ = {isa = PBXBuildFile; fileRef = 002884BC0EFAB69F0083E387 /* libmaccore.a */; };
		0041CDDB0F00975E00695E8C /* SampleImageDir.cpp in Sources */ = {isa = PBXBuildFile; fileRef = 0041CDDA0F00975E00695E8C /* SampleImageDir.cpp */; };
		0041CDF30F009ED100695E8C /* SkImageRef.cpp in Sources */ = {isa = PBXBuildFile; fileRef = 0041CDF20F009ED100695E8C /* SkImageRef.cpp */; };
		0041CDF60F009EED00695E8C /* SkImageRef_GlobalPool.cpp in Sources */ = {isa = PBXBuildFile; fileRef = 0041CDF50F009EED00695E8C /* SkImageRef_GlobalPool.cpp */; };
		0041CDFA0F009F0700695E8C /* SkImageRefPool.cpp in Sources */ = {isa = PBXBuildFile; fileRef = 0041CDF90F009F0700695E8C /* SkImageRefPool.cpp */; };
		0041CE350F00A12400695E8C /* SampleBitmapRect.cpp in Sources */ = {isa = PBXBuildFile; fileRef = 0041CE1E0F00A12400695E8C /* SampleBitmapRect.cpp */; };
		0041CE360F00A12400695E8C /* SampleCamera.cpp in Sources */ = {isa = PBXBuildFile; fileRef = 0041CE1F0F00A12400695E8C /* SampleCamera.cpp */; };
		0041CE370F00A12400695E8C /* SampleCircle.cpp in Sources */ = {isa = PBXBuildFile; fileRef = 0041CE200F00A12400695E8C /* SampleCircle.cpp */; };
		0041CE380F00A12400695E8C /* SampleCull.cpp in Sources */ = {isa = PBXBuildFile; fileRef = 0041CE220F00A12400695E8C /* SampleCull.cpp */; };
		0041CE390F00A12400695E8C /* SampleDither.cpp in Sources */ = {isa = PBXBuildFile; fileRef = 0041CE230F00A12400695E8C /* SampleDither.cpp */; };
		0041CE3A0F00A12400695E8C /* SampleDrawLooper.cpp in Sources */ = {isa = PBXBuildFile; fileRef = 0041CE240F00A12400695E8C /* SampleDrawLooper.cpp */; };
		0041CE3B0F00A12400695E8C /* SampleEmboss.cpp in Sources */ = {isa = PBXBuildFile; fileRef = 0041CE250F00A12400695E8C /* SampleEmboss.cpp */; };
		0041CE3C0F00A12400695E8C /* SampleEncode.cpp in Sources */ = {isa = PBXBuildFile; fileRef = 0041CE260F00A12400695E8C /* SampleEncode.cpp */; };
		0041CE3D0F00A12400695E8C /* SampleFillType.cpp in Sources */ = {isa = PBXBuildFile; fileRef = 0041CE270F00A12400695E8C /* SampleFillType.cpp */; };
		0041CE3E0F00A12400695E8C /* SampleFilter.cpp in Sources */ = {isa = PBXBuildFile; fileRef = 0041CE280F00A12400695E8C /* SampleFilter.cpp */; };
		0041CE3F0F00A12400695E8C /* SampleFilter2.cpp in Sources */ = {isa = PBXBuildFile; fileRef = 0041CE290F00A12400695E8C /* SampleFilter2.cpp */; };
		0041CE400F00A12400695E8C /* SampleFontCache.cpp in Sources */ = {isa = PBXBuildFile; fileRef = 0041CE2A0F00A12400695E8C /* SampleFontCache.cpp */; };
		0041CE420F00A12400695E8C /* SampleImage.cpp in Sources */ = {isa = PBXBuildFile; fileRef = 0041CE2C0F00A12400695E8C /* SampleImage.cpp */; };
		0041CE430F00A12400695E8C /* SampleLayers.cpp in Sources */ = {isa = PBXBuildFile; fileRef = 0041CE2D0F00A12400695E8C /* SampleLayers.cpp */; };
		0041CE440F00A12400695E8C /* SampleLines.cpp in Sources */ = {isa = PBXBuildFile; fileRef = 0041CE2E0F00A12400695E8C /* SampleLines.cpp */; };
		0041CE450F00A12400695E8C /* SampleMeasure.cpp in Sources */ = {isa = PBXBuildFile; fileRef = 0041CE2F0F00A12400695E8C /* SampleMeasure.cpp */; };
		0041CE470F00A12400695E8C /* SampleNinePatch.cpp in Sources */ = {isa = PBXBuildFile; fileRef = 0041CE310F00A12400695E8C /* SampleNinePatch.cpp */; };
		0041CE480F00A12400695E8C /* SampleOverflow.cpp in Sources */ = {isa = PBXBuildFile; fileRef = 0041CE320F00A12400695E8C /* SampleOverflow.cpp */; };
		0041CE4A0F00A12400695E8C /* SamplePatch.cpp in Sources */ = {isa = PBXBuildFile; fileRef = 0041CE340F00A12400695E8C /* SamplePatch.cpp */; };
		007A7CB30F01658C00A2D6EE /* SamplePicture.cpp in Sources */ = {isa = PBXBuildFile; fileRef = 007A7CA40F01658C00A2D6EE /* SamplePicture.cpp */; };
		007A7CB40F01658C00A2D6EE /* SamplePoints.cpp in Sources */ = {isa = PBXBuildFile; fileRef = 007A7CA50F01658C00A2D6EE /* SamplePoints.cpp */; };
		007A7CB60F01658C00A2D6EE /* SampleRegion.cpp in Sources */ = {isa = PBXBuildFile; fileRef = 007A7CA70F01658C00A2D6EE /* SampleRegion.cpp */; };
		007A7CB70F01658C00A2D6EE /* SampleShaders.cpp in Sources */ = {isa = PBXBuildFile; fileRef = 007A7CA80F01658C00A2D6EE /* SampleShaders.cpp */; };
		007A7CB80F01658C00A2D6EE /* SampleStrokeText.cpp in Sources */ = {isa = PBXBuildFile; fileRef = 007A7CA90F01658C00A2D6EE /* SampleStrokeText.cpp */; };
		007A7CBA0F01658C00A2D6EE /* SampleText.cpp in Sources */ = {isa = PBXBuildFile; fileRef = 007A7CAB0F01658C00A2D6EE /* SampleText.cpp */; };
		007A7CBB0F01658C00A2D6EE /* SampleTextAlpha.cpp in Sources */ = {isa = PBXBuildFile; fileRef = 007A7CAC0F01658C00A2D6EE /* SampleTextAlpha.cpp */; };
		007A7CBC0F01658C00A2D6EE /* SampleTextEffects.cpp in Sources */ = {isa = PBXBuildFile; fileRef = 007A7CAD0F01658C00A2D6EE /* SampleTextEffects.cpp */; };
		007A7CBD0F01658C00A2D6EE /* SampleTextOnPath.cpp in Sources */ = {isa = PBXBuildFile; fileRef = 007A7CAE0F01658C00A2D6EE /* SampleTextOnPath.cpp */; };
		007A7CBE0F01658C00A2D6EE /* SampleTiling.cpp in Sources */ = {isa = PBXBuildFile; fileRef = 007A7CAF0F01658C00A2D6EE /* SampleTiling.cpp */; };
		007A7CBF0F01658C00A2D6EE /* SampleTypeface.cpp in Sources */ = {isa = PBXBuildFile; fileRef = 007A7CB00F01658C00A2D6EE /* SampleTypeface.cpp */; };
		007A7CC00F01658C00A2D6EE /* SampleVertices.cpp in Sources */ = {isa = PBXBuildFile; fileRef = 007A7CB10F01658C00A2D6EE /* SampleVertices.cpp */; };
		007A7CC10F01658C00A2D6EE /* SampleXfermodes.cpp in Sources */ = {isa = PBXBuildFile; fileRef = 007A7CB20F01658C00A2D6EE /* SampleXfermodes.cpp */; };
		007C785E0F3B4C230004B142 /* SamplePathClip.cpp in Sources */ = {isa = PBXBuildFile; fileRef = 007C785D0F3B4C230004B142 /* SamplePathClip.cpp */; };
		008C4D980F77DAEE0056981C /* SampleHairline.cpp in Sources */ = {isa = PBXBuildFile; fileRef = 008C4D970F77DAEE0056981C /* SampleHairline.cpp */; };
		009CC9190F65918A002185BE /* SampleFontScalerTest.cpp in Sources */ = {isa = PBXBuildFile; fileRef = 009CC9180F65918A002185BE /* SampleFontScalerTest.cpp */; };
		00A41E4B0EFC312F00C9CBEB /* SampleArc.cpp in Sources */ = {isa = PBXBuildFile; fileRef = 00A41E4A0EFC312F00C9CBEB /* SampleArc.cpp */; };
		0156F80407C56A3000C6122B /* Foundation.framework in Frameworks */ = {isa = PBXBuildFile; fileRef = 0156F80307C56A3000C6122B /* Foundation.framework */; };
		01FC44D507BD3BB800D228F4 /* Quartz.framework in Frameworks */ = {isa = PBXBuildFile; fileRef = 01FC44D407BD3BB800D228F4 /* Quartz.framework */; };
		2714E7960F7733EE00E95AE0 /* SkDrawable.cpp in Sources */ = {isa = PBXBuildFile; fileRef = 2714E7950F7733EE00E95AE0 /* SkDrawable.cpp */; };
		8D0C4E8D0486CD37000505A6 /* InfoPlist.strings in Resources */ = {isa = PBXBuildFile; fileRef = 0867D6AAFE840B52C02AAC07 /* InfoPlist.strings */; };
		8D0C4E8E0486CD37000505A6 /* main.nib in Resources */ = {isa = PBXBuildFile; fileRef = 02345980000FD03B11CA0E72 /* main.nib */; };
		8D0C4E920486CD37000505A6 /* Carbon.framework in Frameworks */ = {isa = PBXBuildFile; fileRef = 20286C33FDCF999611CA2CEA /* Carbon.framework */; };
/* End PBXBuildFile section */

/* Begin PBXContainerItemProxy section */
		00003C930EFC230E000FF73A /* PBXContainerItemProxy */ = {
			isa = PBXContainerItemProxy;
			containerPortal = 00003C8C0EFC230E000FF73A /* effects.xcodeproj */;
			proxyType = 2;
			remoteGlobalIDString = D2AAC046055464E500DB518D;
			remoteInfo = effects;
		};
		00003C970EFC2321000FF73A /* PBXContainerItemProxy */ = {
			isa = PBXContainerItemProxy;
			containerPortal = 00003C8C0EFC230E000FF73A /* effects.xcodeproj */;
			proxyType = 1;
			remoteGlobalIDString = D2AAC045055464E500DB518D;
			remoteInfo = effects;
		};
		002884500EFAA35C0083E387 /* PBXContainerItemProxy */ = {
			isa = PBXContainerItemProxy;
			containerPortal = 002884490EFAA35C0083E387 /* core.xcodeproj */;
			proxyType = 2;
			remoteGlobalIDString = D2AAC046055464E500DB518D;
			remoteInfo = core;
		};
		002884540EFAA3770083E387 /* PBXContainerItemProxy */ = {
			isa = PBXContainerItemProxy;
			containerPortal = 002884490EFAA35C0083E387 /* core.xcodeproj */;
			proxyType = 1;
			remoteGlobalIDString = D2AAC045055464E500DB518D;
			remoteInfo = core;
		};
		002884BB0EFAB69F0083E387 /* PBXContainerItemProxy */ = {
			isa = PBXContainerItemProxy;
			containerPortal = 002884B40EFAB69F0083E387 /* maccore.xcodeproj */;
			proxyType = 2;
			remoteGlobalIDString = D2AAC046055464E500DB518D;
			remoteInfo = maccore;
		};
		002884BE0EFAB6B00083E387 /* PBXContainerItemProxy */ = {
			isa = PBXContainerItemProxy;
			containerPortal = 002884B40EFAB69F0083E387 /* maccore.xcodeproj */;
			proxyType = 1;
			remoteGlobalIDString = D2AAC045055464E500DB518D;
			remoteInfo = maccore;
		};
/* End PBXContainerItemProxy section */

/* Begin PBXFileReference section */
		00003C620EFC22A8000FF73A /* SampleApp.cpp */ = {isa = PBXFileReference; fileEncoding = 4; lastKnownFileType = sourcecode.cpp.cpp; name = SampleApp.cpp; path = ../../samplecode/SampleApp.cpp; sourceTree = SOURCE_ROOT; };
		00003C640EFC22A8000FF73A /* SamplePath.cpp */ = {isa = PBXFileReference; fileEncoding = 4; lastKnownFileType = sourcecode.cpp.cpp; name = SamplePath.cpp; path = ../../samplecode/SamplePath.cpp; sourceTree = SOURCE_ROOT; };
		00003C650EFC22A8000FF73A /* SamplePathEffects.cpp */ = {isa = PBXFileReference; fileEncoding = 4; lastKnownFileType = sourcecode.cpp.cpp; name = SamplePathEffects.cpp; path = ../../samplecode/SamplePathEffects.cpp; sourceTree = SOURCE_ROOT; };
		00003C6B0EFC22CE000FF73A /* SkEvent.cpp */ = {isa = PBXFileReference; fileEncoding = 4; lastKnownFileType = sourcecode.cpp.cpp; name = SkEvent.cpp; path = ../../src/views/SkEvent.cpp; sourceTree = SOURCE_ROOT; };
		00003C6C0EFC22CE000FF73A /* SkEventSink.cpp */ = {isa = PBXFileReference; fileEncoding = 4; lastKnownFileType = sourcecode.cpp.cpp; name = SkEventSink.cpp; path = ../../src/views/SkEventSink.cpp; sourceTree = SOURCE_ROOT; };
		00003C6D0EFC22CE000FF73A /* SkMetaData.cpp */ = {isa = PBXFileReference; fileEncoding = 4; lastKnownFileType = sourcecode.cpp.cpp; name = SkMetaData.cpp; path = ../../src/views/SkMetaData.cpp; sourceTree = SOURCE_ROOT; };
		00003C6E0EFC22CE000FF73A /* SkOSMenu.cpp */ = {isa = PBXFileReference; fileEncoding = 4; lastKnownFileType = sourcecode.cpp.cpp; name = SkOSMenu.cpp; path = ../../src/views/SkOSMenu.cpp; sourceTree = SOURCE_ROOT; };
		00003C700EFC22CE000FF73A /* SkTagList.cpp */ = {isa = PBXFileReference; fileEncoding = 4; lastKnownFileType = sourcecode.cpp.cpp; name = SkTagList.cpp; path = ../../src/views/SkTagList.cpp; sourceTree = SOURCE_ROOT; };
		00003C710EFC22CE000FF73A /* SkView.cpp */ = {isa = PBXFileReference; fileEncoding = 4; lastKnownFileType = sourcecode.cpp.cpp; name = SkView.cpp; path = ../../src/views/SkView.cpp; sourceTree = SOURCE_ROOT; };
		00003C720EFC22CE000FF73A /* SkViewPriv.cpp */ = {isa = PBXFileReference; fileEncoding = 4; lastKnownFileType = sourcecode.cpp.cpp; name = SkViewPriv.cpp; path = ../../src/views/SkViewPriv.cpp; sourceTree = SOURCE_ROOT; };
		00003C730EFC22CE000FF73A /* SkWindow.cpp */ = {isa = PBXFileReference; fileEncoding = 4; lastKnownFileType = sourcecode.cpp.cpp; name = SkWindow.cpp; path = ../../src/views/SkWindow.cpp; sourceTree = SOURCE_ROOT; };
		00003C7E0EFC22E1000FF73A /* skia_mac.cp */ = {isa = PBXFileReference; fileEncoding = 4; lastKnownFileType = sourcecode.cpp.cpp; name = skia_mac.cp; path = ../../src/utils/mac/skia_mac.cp; sourceTree = SOURCE_ROOT; };
		00003C7F0EFC22E1000FF73A /* SkOSWindow_Mac.cpp */ = {isa = PBXFileReference; fileEncoding = 4; lastKnownFileType = sourcecode.cpp.cpp; name = SkOSWindow_Mac.cpp; path = ../../src/utils/mac/SkOSWindow_Mac.cpp; sourceTree = SOURCE_ROOT; };
		00003C8C0EFC230E000FF73A /* effects.xcodeproj */ = {isa = PBXFileReference; lastKnownFileType = "wrapper.pb-project"; name = effects.xcodeproj; path = ../effects/effects.xcodeproj; sourceTree = SOURCE_ROOT; };
		00003C9A0EFC233F000FF73A /* SkDOM.cpp */ = {isa = PBXFileReference; fileEncoding = 4; lastKnownFileType = sourcecode.cpp.cpp; name = SkDOM.cpp; path = ../../src/xml/SkDOM.cpp; sourceTree = SOURCE_ROOT; };
		00003C9B0EFC233F000FF73A /* SkParse.cpp */ = {isa = PBXFileReference; fileEncoding = 4; lastKnownFileType = sourcecode.cpp.cpp; name = SkParse.cpp; path = ../../src/xml/SkParse.cpp; sourceTree = SOURCE_ROOT; };
		00003C9C0EFC233F000FF73A /* SkParseColor.cpp */ = {isa = PBXFileReference; fileEncoding = 4; lastKnownFileType = sourcecode.cpp.cpp; name = SkParseColor.cpp; path = ../../src/xml/SkParseColor.cpp; sourceTree = SOURCE_ROOT; };
		00003C9D0EFC233F000FF73A /* SkXMLParser.cpp */ = {isa = PBXFileReference; fileEncoding = 4; lastKnownFileType = sourcecode.cpp.cpp; name = SkXMLParser.cpp; path = ../../src/xml/SkXMLParser.cpp; sourceTree = SOURCE_ROOT; };
		00003CA30EFC235F000FF73A /* SkXMLParser_empty.cpp */ = {isa = PBXFileReference; fileEncoding = 4; lastKnownFileType = sourcecode.cpp.cpp; name = SkXMLParser_empty.cpp; path = ../../src/ports/SkXMLParser_empty.cpp; sourceTree = SOURCE_ROOT; };
		002884490EFAA35C0083E387 /* core.xcodeproj */ = {isa = PBXFileReference; lastKnownFileType = "wrapper.pb-project"; name = core.xcodeproj; path = ../core/core.xcodeproj; sourceTree = SOURCE_ROOT; };
		002884B40EFAB69F0083E387 /* maccore.xcodeproj */ = {isa = PBXFileReference; lastKnownFileType = "wrapper.pb-project"; name = maccore.xcodeproj; path = ../maccore/maccore.xcodeproj; sourceTree = SOURCE_ROOT; };
		0041CDDA0F00975E00695E8C /* SampleImageDir.cpp */ = {isa = PBXFileReference; fileEncoding = 4; lastKnownFileType = sourcecode.cpp.cpp; name = SampleImageDir.cpp; path = ../../samplecode/SampleImageDir.cpp; sourceTree = SOURCE_ROOT; };
		0041CDF20F009ED100695E8C /* SkImageRef.cpp */ = {isa = PBXFileReference; fileEncoding = 4; lastKnownFileType = sourcecode.cpp.cpp; name = SkImageRef.cpp; path = ../../src/images/SkImageRef.cpp; sourceTree = SOURCE_ROOT; };
		0041CDF50F009EED00695E8C /* SkImageRef_GlobalPool.cpp */ = {isa = PBXFileReference; fileEncoding = 4; lastKnownFileType = sourcecode.cpp.cpp; name = SkImageRef_GlobalPool.cpp; path = ../../src/images/SkImageRef_GlobalPool.cpp; sourceTree = SOURCE_ROOT; };
		0041CDF90F009F0700695E8C /* SkImageRefPool.cpp */ = {isa = PBXFileReference; fileEncoding = 4; lastKnownFileType = sourcecode.cpp.cpp; name = SkImageRefPool.cpp; path = ../../src/images/SkImageRefPool.cpp; sourceTree = SOURCE_ROOT; };
		0041CE1E0F00A12400695E8C /* SampleBitmapRect.cpp */ = {isa = PBXFileReference; fileEncoding = 4; lastKnownFileType = sourcecode.cpp.cpp; name = SampleBitmapRect.cpp; path = ../../samplecode/SampleBitmapRect.cpp; sourceTree = SOURCE_ROOT; };
		0041CE1F0F00A12400695E8C /* SampleCamera.cpp */ = {isa = PBXFileReference; fileEncoding = 4; lastKnownFileType = sourcecode.cpp.cpp; name = SampleCamera.cpp; path = ../../samplecode/SampleCamera.cpp; sourceTree = SOURCE_ROOT; };
		0041CE200F00A12400695E8C /* SampleCircle.cpp */ = {isa = PBXFileReference; fileEncoding = 4; lastKnownFileType = sourcecode.cpp.cpp; name = SampleCircle.cpp; path = ../../samplecode/SampleCircle.cpp; sourceTree = SOURCE_ROOT; };
		0041CE210F00A12400695E8C /* SampleCode.h */ = {isa = PBXFileReference; fileEncoding = 4; lastKnownFileType = sourcecode.c.h; name = SampleCode.h; path = ../../samplecode/SampleCode.h; sourceTree = SOURCE_ROOT; };
		0041CE220F00A12400695E8C /* SampleCull.cpp */ = {isa = PBXFileReference; fileEncoding = 4; lastKnownFileType = sourcecode.cpp.cpp; name = SampleCull.cpp; path = ../../samplecode/SampleCull.cpp; sourceTree = SOURCE_ROOT; };
		0041CE230F00A12400695E8C /* SampleDither.cpp */ = {isa = PBXFileReference; fileEncoding = 4; lastKnownFileType = sourcecode.cpp.cpp; name = SampleDither.cpp; path = ../../samplecode/SampleDither.cpp; sourceTree = SOURCE_ROOT; };
		0041CE240F00A12400695E8C /* SampleDrawLooper.cpp */ = {isa = PBXFileReference; fileEncoding = 4; lastKnownFileType = sourcecode.cpp.cpp; name = SampleDrawLooper.cpp; path = ../../samplecode/SampleDrawLooper.cpp; sourceTree = SOURCE_ROOT; };
		0041CE250F00A12400695E8C /* SampleEmboss.cpp */ = {isa = PBXFileReference; fileEncoding = 4; lastKnownFileType = sourcecode.cpp.cpp; name = SampleEmboss.cpp; path = ../../samplecode/SampleEmboss.cpp; sourceTree = SOURCE_ROOT; };
		0041CE260F00A12400695E8C /* SampleEncode.cpp */ = {isa = PBXFileReference; fileEncoding = 4; lastKnownFileType = sourcecode.cpp.cpp; name = SampleEncode.cpp; path = ../../samplecode/SampleEncode.cpp; sourceTree = SOURCE_ROOT; };
		0041CE270F00A12400695E8C /* SampleFillType.cpp */ = {isa = PBXFileReference; fileEncoding = 4; lastKnownFileType = sourcecode.cpp.cpp; name = SampleFillType.cpp; path = ../../samplecode/SampleFillType.cpp; sourceTree = SOURCE_ROOT; };
		0041CE280F00A12400695E8C /* SampleFilter.cpp */ = {isa = PBXFileReference; fileEncoding = 4; lastKnownFileType = sourcecode.cpp.cpp; name = SampleFilter.cpp; path = ../../samplecode/SampleFilter.cpp; sourceTree = SOURCE_ROOT; };
		0041CE290F00A12400695E8C /* SampleFilter2.cpp */ = {isa = PBXFileReference; fileEncoding = 4; lastKnownFileType = sourcecode.cpp.cpp; name = SampleFilter2.cpp; path = ../../samplecode/SampleFilter2.cpp; sourceTree = SOURCE_ROOT; };
		0041CE2A0F00A12400695E8C /* SampleFontCache.cpp */ = {isa = PBXFileReference; fileEncoding = 4; lastKnownFileType = sourcecode.cpp.cpp; name = SampleFontCache.cpp; path = ../../samplecode/SampleFontCache.cpp; sourceTree = SOURCE_ROOT; };
		0041CE2C0F00A12400695E8C /* SampleImage.cpp */ = {isa = PBXFileReference; fileEncoding = 4; lastKnownFileType = sourcecode.cpp.cpp; name = SampleImage.cpp; path = ../../samplecode/SampleImage.cpp; sourceTree = SOURCE_ROOT; };
		0041CE2D0F00A12400695E8C /* SampleLayers.cpp */ = {isa = PBXFileReference; fileEncoding = 4; lastKnownFileType = sourcecode.cpp.cpp; name = SampleLayers.cpp; path = ../../samplecode/SampleLayers.cpp; sourceTree = SOURCE_ROOT; };
		0041CE2E0F00A12400695E8C /* SampleLines.cpp */ = {isa = PBXFileReference; fileEncoding = 4; lastKnownFileType = sourcecode.cpp.cpp; name = SampleLines.cpp; path = ../../samplecode/SampleLines.cpp; sourceTree = SOURCE_ROOT; };
		0041CE2F0F00A12400695E8C /* SampleMeasure.cpp */ = {isa = PBXFileReference; fileEncoding = 4; lastKnownFileType = sourcecode.cpp.cpp; name = SampleMeasure.cpp; path = ../../samplecode/SampleMeasure.cpp; sourceTree = SOURCE_ROOT; };
		0041CE310F00A12400695E8C /* SampleNinePatch.cpp */ = {isa = PBXFileReference; fileEncoding = 4; lastKnownFileType = sourcecode.cpp.cpp; name = SampleNinePatch.cpp; path = ../../samplecode/SampleNinePatch.cpp; sourceTree = SOURCE_ROOT; };
		0041CE320F00A12400695E8C /* SampleOverflow.cpp */ = {isa = PBXFileReference; fileEncoding = 4; lastKnownFileType = sourcecode.cpp.cpp; name = SampleOverflow.cpp; path = ../../samplecode/SampleOverflow.cpp; sourceTree = SOURCE_ROOT; };
		0041CE340F00A12400695E8C /* SamplePatch.cpp */ = {isa = PBXFileReference; fileEncoding = 4; lastKnownFileType = sourcecode.cpp.cpp; name = SamplePatch.cpp; path = ../../samplecode/SamplePatch.cpp; sourceTree = SOURCE_ROOT; };
		007A7CA40F01658C00A2D6EE /* SamplePicture.cpp */ = {isa = PBXFileReference; fileEncoding = 4; lastKnownFileType = sourcecode.cpp.cpp; name = SamplePicture.cpp; path = ../../samplecode/SamplePicture.cpp; sourceTree = SOURCE_ROOT; };
		007A7CA50F01658C00A2D6EE /* SamplePoints.cpp */ = {isa = PBXFileReference; fileEncoding = 4; lastKnownFileType = sourcecode.cpp.cpp; name = SamplePoints.cpp; path = ../../samplecode/SamplePoints.cpp; sourceTree = SOURCE_ROOT; };
		007A7CA70F01658C00A2D6EE /* SampleRegion.cpp */ = {isa = PBXFileReference; fileEncoding = 4; lastKnownFileType = sourcecode.cpp.cpp; name = SampleRegion.cpp; path = ../../samplecode/SampleRegion.cpp; sourceTree = SOURCE_ROOT; };
		007A7CA80F01658C00A2D6EE /* SampleShaders.cpp */ = {isa = PBXFileReference; fileEncoding = 4; lastKnownFileType = sourcecode.cpp.cpp; name = SampleShaders.cpp; path = ../../samplecode/SampleShaders.cpp; sourceTree = SOURCE_ROOT; };
		007A7CA90F01658C00A2D6EE /* SampleStrokeText.cpp */ = {isa = PBXFileReference; fileEncoding = 4; lastKnownFileType = sourcecode.cpp.cpp; name = SampleStrokeText.cpp; path = ../../samplecode/SampleStrokeText.cpp; sourceTree = SOURCE_ROOT; };
		007A7CAB0F01658C00A2D6EE /* SampleText.cpp */ = {isa = PBXFileReference; fileEncoding = 4; lastKnownFileType = sourcecode.cpp.cpp; name = SampleText.cpp; path = ../../samplecode/SampleText.cpp; sourceTree = SOURCE_ROOT; };
		007A7CAC0F01658C00A2D6EE /* SampleTextAlpha.cpp */ = {isa = PBXFileReference; fileEncoding = 4; lastKnownFileType = sourcecode.cpp.cpp; name = SampleTextAlpha.cpp; path = ../../samplecode/SampleTextAlpha.cpp; sourceTree = SOURCE_ROOT; };
		007A7CAD0F01658C00A2D6EE /* SampleTextEffects.cpp */ = {isa = PBXFileReference; fileEncoding = 4; lastKnownFileType = sourcecode.cpp.cpp; name = SampleTextEffects.cpp; path = ../../samplecode/SampleTextEffects.cpp; sourceTree = SOURCE_ROOT; };
		007A7CAE0F01658C00A2D6EE /* SampleTextOnPath.cpp */ = {isa = PBXFileReference; fileEncoding = 4; lastKnownFileType = sourcecode.cpp.cpp; name = SampleTextOnPath.cpp; path = ../../samplecode/SampleTextOnPath.cpp; sourceTree = SOURCE_ROOT; };
		007A7CAF0F01658C00A2D6EE /* SampleTiling.cpp */ = {isa = PBXFileReference; fileEncoding = 4; lastKnownFileType = sourcecode.cpp.cpp; name = SampleTiling.cpp; path = ../../samplecode/SampleTiling.cpp; sourceTree = SOURCE_ROOT; };
		007A7CB00F01658C00A2D6EE /* SampleTypeface.cpp */ = {isa = PBXFileReference; fileEncoding = 4; lastKnownFileType = sourcecode.cpp.cpp; name = SampleTypeface.cpp; path = ../../samplecode/SampleTypeface.cpp; sourceTree = SOURCE_ROOT; };
		007A7CB10F01658C00A2D6EE /* SampleVertices.cpp */ = {isa = PBXFileReference; fileEncoding = 4; lastKnownFileType = sourcecode.cpp.cpp; name = SampleVertices.cpp; path = ../../samplecode/SampleVertices.cpp; sourceTree = SOURCE_ROOT; };
		007A7CB20F01658C00A2D6EE /* SampleXfermodes.cpp */ = {isa = PBXFileReference; fileEncoding = 4; lastKnownFileType = sourcecode.cpp.cpp; name = SampleXfermodes.cpp; path = ../../samplecode/SampleXfermodes.cpp; sourceTree = SOURCE_ROOT; };
		007C785D0F3B4C230004B142 /* SamplePathClip.cpp */ = {isa = PBXFileReference; fileEncoding = 4; lastKnownFileType = sourcecode.cpp.cpp; name = SamplePathClip.cpp; path = ../../samplecode/SamplePathClip.cpp; sourceTree = SOURCE_ROOT; };
		008C4D970F77DAEE0056981C /* SampleHairline.cpp */ = {isa = PBXFileReference; fileEncoding = 4; lastKnownFileType = sourcecode.cpp.cpp; name = SampleHairline.cpp; path = ../../samplecode/SampleHairline.cpp; sourceTree = SOURCE_ROOT; };
		009CC9180F65918A002185BE /* SampleFontScalerTest.cpp */ = {isa = PBXFileReference; fileEncoding = 4; lastKnownFileType = sourcecode.cpp.cpp; name = SampleFontScalerTest.cpp; path = ../../samplecode/SampleFontScalerTest.cpp; sourceTree = SOURCE_ROOT; };
		00A41E4A0EFC312F00C9CBEB /* SampleArc.cpp */ = {isa = PBXFileReference; fileEncoding = 4; lastKnownFileType = sourcecode.cpp.cpp; name = SampleArc.cpp; path = ../../samplecode/SampleArc.cpp; sourceTree = SOURCE_ROOT; };
		00D6B5CB0F72DC4300C466B9 /* SampleFuzz.cpp */ = {isa = PBXFileReference; fileEncoding = 4; lastKnownFileType = sourcecode.cpp.cpp; name = SampleFuzz.cpp; path = ../../samplecode/SampleFuzz.cpp; sourceTree = SOURCE_ROOT; };
		0156F80307C56A3000C6122B /* Foundation.framework */ = {isa = PBXFileReference; lastKnownFileType = wrapper.framework; name = Foundation.framework; path = /System/Library/Frameworks/Foundation.framework; sourceTree = "<absolute>"; };
		01FC44D407BD3BB800D228F4 /* Quartz.framework */ = {isa = PBXFileReference; lastKnownFileType = wrapper.framework; name = Quartz.framework; path = /System/Library/Frameworks/Quartz.framework; sourceTree = "<absolute>"; };
		0867D6ABFE840B52C02AAC07 /* English */ = {isa = PBXFileReference; fileEncoding = 10; lastKnownFileType = text.plist.strings; name = English; path = English.lproj/InfoPlist.strings; sourceTree = "<group>"; };
		1870340FFE93FCAF11CA0CD7 /* English */ = {isa = PBXFileReference; lastKnownFileType = wrapper.nib; name = English; path = English.lproj/main.nib; sourceTree = "<group>"; };
		20286C33FDCF999611CA2CEA /* Carbon.framework */ = {isa = PBXFileReference; lastKnownFileType = wrapper.framework; name = Carbon.framework; path = /System/Library/Frameworks/Carbon.framework; sourceTree = "<absolute>"; };
		2714E7950F7733EE00E95AE0 /* SkDrawable.cpp */ = {isa = PBXFileReference; fileEncoding = 4; lastKnownFileType = sourcecode.cpp.cpp; name = SkDrawable.cpp; path = ../../src/core/SkDrawable.cpp; sourceTree = SOURCE_ROOT; };
		32DBCF6D0370B57F00C91783 /* CICarbonSample_Prefix.pch */ = {isa = PBXFileReference; fileEncoding = 4; lastKnownFileType = sourcecode.c.h; path = CICarbonSample_Prefix.pch; sourceTree = "<group>"; };
		4A9504C8FFE6A3BC11CA0CBA /* ApplicationServices.framework */ = {isa = PBXFileReference; lastKnownFileType = wrapper.framework; name = ApplicationServices.framework; path = /System/Library/Frameworks/ApplicationServices.framework; sourceTree = "<absolute>"; };
		4A9504CAFFE6A41611CA0CBA /* CoreServices.framework */ = {isa = PBXFileReference; lastKnownFileType = wrapper.framework; name = CoreServices.framework; path = /System/Library/Frameworks/CoreServices.framework; sourceTree = "<absolute>"; };
		8D0C4E960486CD37000505A6 /* Info.plist */ = {isa = PBXFileReference; fileEncoding = 4; lastKnownFileType = text.plist; path = Info.plist; sourceTree = "<group>"; };
		8D0C4E970486CD37000505A6 /* CICarbonSample.app */ = {isa = PBXFileReference; explicitFileType = wrapper.application; includeInIndex = 0; path = CICarbonSample.app; sourceTree = BUILT_PRODUCTS_DIR; };
/* End PBXFileReference section */

/* Begin PBXFrameworksBuildPhase section */
		8D0C4E910486CD37000505A6 /* Frameworks */ = {
			isa = PBXFrameworksBuildPhase;
			buildActionMask = 2147483647;
			files = (
				8D0C4E920486CD37000505A6 /* Carbon.framework in Frameworks */,
				01FC44D507BD3BB800D228F4 /* Quartz.framework in Frameworks */,
				0156F80407C56A3000C6122B /* Foundation.framework in Frameworks */,
				0028847B0EFAB46A0083E387 /* libcore.a in Frameworks */,
				002884BD0EFAB6A30083E387 /* libmaccore.a in Frameworks */,
				00003C950EFC2316000FF73A /* libeffects.a in Frameworks */,
			);
			runOnlyForDeploymentPostprocessing = 0;
		};
/* End PBXFrameworksBuildPhase section */

/* Begin PBXGroup section */
		00003C610EFC2287000FF73A /* samples */ = {
			isa = PBXGroup;
			children = (
				007A7CA40F01658C00A2D6EE /* SamplePicture.cpp */,
				00D6B5CB0F72DC4300C466B9 /* SampleFuzz.cpp */,
				009CC9180F65918A002185BE /* SampleFontScalerTest.cpp */,
				007A7CA50F01658C00A2D6EE /* SamplePoints.cpp */,
				007A7CA70F01658C00A2D6EE /* SampleRegion.cpp */,
				007A7CA80F01658C00A2D6EE /* SampleShaders.cpp */,
				007A7CA90F01658C00A2D6EE /* SampleStrokeText.cpp */,
				007A7CAB0F01658C00A2D6EE /* SampleText.cpp */,
				007A7CAC0F01658C00A2D6EE /* SampleTextAlpha.cpp */,
				007A7CAD0F01658C00A2D6EE /* SampleTextEffects.cpp */,
				007A7CAE0F01658C00A2D6EE /* SampleTextOnPath.cpp */,
				007A7CAF0F01658C00A2D6EE /* SampleTiling.cpp */,
				007A7CB00F01658C00A2D6EE /* SampleTypeface.cpp */,
				007A7CB10F01658C00A2D6EE /* SampleVertices.cpp */,
				007A7CB20F01658C00A2D6EE /* SampleXfermodes.cpp */,
				0041CE1E0F00A12400695E8C /* SampleBitmapRect.cpp */,
				008C4D970F77DAEE0056981C /* SampleHairline.cpp */,
				0041CE1F0F00A12400695E8C /* SampleCamera.cpp */,
				0041CE200F00A12400695E8C /* SampleCircle.cpp */,
				0041CE210F00A12400695E8C /* SampleCode.h */,
				0041CE220F00A12400695E8C /* SampleCull.cpp */,
				0041CE230F00A12400695E8C /* SampleDither.cpp */,
				0041CE240F00A12400695E8C /* SampleDrawLooper.cpp */,
				0041CE250F00A12400695E8C /* SampleEmboss.cpp */,
				0041CE260F00A12400695E8C /* SampleEncode.cpp */,
				0041CE270F00A12400695E8C /* SampleFillType.cpp */,
				0041CE280F00A12400695E8C /* SampleFilter.cpp */,
				0041CE290F00A12400695E8C /* SampleFilter2.cpp */,
				0041CE2A0F00A12400695E8C /* SampleFontCache.cpp */,
				0041CE2C0F00A12400695E8C /* SampleImage.cpp */,
				0041CE2D0F00A12400695E8C /* SampleLayers.cpp */,
				0041CE2E0F00A12400695E8C /* SampleLines.cpp */,
				0041CE2F0F00A12400695E8C /* SampleMeasure.cpp */,
				0041CE310F00A12400695E8C /* SampleNinePatch.cpp */,
				0041CE320F00A12400695E8C /* SampleOverflow.cpp */,
				0041CE340F00A12400695E8C /* SamplePatch.cpp */,
				0041CDDA0F00975E00695E8C /* SampleImageDir.cpp */,
				00A41E4A0EFC312F00C9CBEB /* SampleArc.cpp */,
				00003C620EFC22A8000FF73A /* SampleApp.cpp */,
				00003C640EFC22A8000FF73A /* SamplePath.cpp */,
				007C785D0F3B4C230004B142 /* SamplePathClip.cpp */,
				00003C650EFC22A8000FF73A /* SamplePathEffects.cpp */,
			);
			name = samples;
			sourceTree = "<group>";
		};
		00003C6A0EFC22AD000FF73A /* views */ = {
			isa = PBXGroup;
			children = (
				00003C9A0EFC233F000FF73A /* SkDOM.cpp */,
				00003C9B0EFC233F000FF73A /* SkParse.cpp */,
				00003C9C0EFC233F000FF73A /* SkParseColor.cpp */,
				00003C9D0EFC233F000FF73A /* SkXMLParser.cpp */,
				00003C7E0EFC22E1000FF73A /* skia_mac.cp */,
				00003C7F0EFC22E1000FF73A /* SkOSWindow_Mac.cpp */,
				00003C6B0EFC22CE000FF73A /* SkEvent.cpp */,
				00003C6C0EFC22CE000FF73A /* SkEventSink.cpp */,
				00003C6D0EFC22CE000FF73A /* SkMetaData.cpp */,
				00003C6E0EFC22CE000FF73A /* SkOSMenu.cpp */,
				00003C700EFC22CE000FF73A /* SkTagList.cpp */,
				00003C710EFC22CE000FF73A /* SkView.cpp */,
				00003C720EFC22CE000FF73A /* SkViewPriv.cpp */,
				00003C730EFC22CE000FF73A /* SkWindow.cpp */,
			);
			name = views;
			sourceTree = "<group>";
		};
		00003C8D0EFC230E000FF73A /* Products */ = {
			isa = PBXGroup;
			children = (
				00003C940EFC230E000FF73A /* libeffects.a */,
			);
			name = Products;
			sourceTree = "<group>";
		};
		0028844A0EFAA35C0083E387 /* Products */ = {
			isa = PBXGroup;
			children = (
				002884510EFAA35C0083E387 /* libcore.a */,
			);
			name = Products;
			sourceTree = "<group>";
		};
		002884B50EFAB69F0083E387 /* Products */ = {
			isa = PBXGroup;
			children = (
				002884BC0EFAB69F0083E387 /* libmaccore.a */,
			);
			name = Products;
			sourceTree = "<group>";
		};
		195DF8CFFE9D517E11CA2CBB /* Products */ = {
			isa = PBXGroup;
			children = (
				8D0C4E970486CD37000505A6 /* CICarbonSample.app */,
			);
			name = Products;
			sourceTree = "<group>";
		};
		20286C29FDCF999611CA2CEA /* CICarbonSample */ = {
			isa = PBXGroup;
			children = (
				0041CDF90F009F0700695E8C /* SkImageRefPool.cpp */,
				0041CDF50F009EED00695E8C /* SkImageRef_GlobalPool.cpp */,
				0041CDF20F009ED100695E8C /* SkImageRef.cpp */,
				00003C6A0EFC22AD000FF73A /* views */,
				00003C610EFC2287000FF73A /* samples */,
				00003CA30EFC235F000FF73A /* SkXMLParser_empty.cpp */,
				20286C2AFDCF999611CA2CEA /* Sources */,
				20286C2CFDCF999611CA2CEA /* Resources */,
				20286C32FDCF999611CA2CEA /* External Frameworks and Libraries */,
				195DF8CFFE9D517E11CA2CBB /* Products */,
				002884490EFAA35C0083E387 /* core.xcodeproj */,
				002884B40EFAB69F0083E387 /* maccore.xcodeproj */,
				00003C8C0EFC230E000FF73A /* effects.xcodeproj */,
				2714E7950F7733EE00E95AE0 /* SkDrawable.cpp */,
			);
			name = CICarbonSample;
			sourceTree = "<group>";
		};
		20286C2AFDCF999611CA2CEA /* Sources */ = {
			isa = PBXGroup;
			children = (
				32DBCF6D0370B57F00C91783 /* CICarbonSample_Prefix.pch */,
			);
			name = Sources;
			sourceTree = "<group>";
		};
		20286C2CFDCF999611CA2CEA /* Resources */ = {
			isa = PBXGroup;
			children = (
				8D0C4E960486CD37000505A6 /* Info.plist */,
				0867D6AAFE840B52C02AAC07 /* InfoPlist.strings */,
				02345980000FD03B11CA0E72 /* main.nib */,
			);
			name = Resources;
			sourceTree = "<group>";
		};
		20286C32FDCF999611CA2CEA /* External Frameworks and Libraries */ = {
			isa = PBXGroup;
			children = (
				0156F80307C56A3000C6122B /* Foundation.framework */,
				01FC44D407BD3BB800D228F4 /* Quartz.framework */,
				20286C33FDCF999611CA2CEA /* Carbon.framework */,
				4A9504CAFFE6A41611CA0CBA /* CoreServices.framework */,
				4A9504C8FFE6A3BC11CA0CBA /* ApplicationServices.framework */,
			);
			name = "External Frameworks and Libraries";
			sourceTree = "<group>";
		};
/* End PBXGroup section */

/* Begin PBXNativeTarget section */
		8D0C4E890486CD37000505A6 /* CICarbonSample */ = {
			isa = PBXNativeTarget;
			buildConfigurationList = 01E2163909EDAC6600E66AF8 /* Build configuration list for PBXNativeTarget "CICarbonSample" */;
			buildPhases = (
				8D0C4E8C0486CD37000505A6 /* Resources */,
				8D0C4E8F0486CD37000505A6 /* Sources */,
				8D0C4E910486CD37000505A6 /* Frameworks */,
			);
			buildRules = (
			);
			dependencies = (
				002884550EFAA3770083E387 /* PBXTargetDependency */,
				002884BF0EFAB6B00083E387 /* PBXTargetDependency */,
				00003C980EFC2321000FF73A /* PBXTargetDependency */,
			);
			name = CICarbonSample;
			productInstallPath = "$(HOME)/Applications";
			productName = CICarbonSample;
			productReference = 8D0C4E970486CD37000505A6 /* CICarbonSample.app */;
			productType = "com.apple.product-type.application";
		};
/* End PBXNativeTarget section */

/* Begin PBXProject section */
		20286C28FDCF999611CA2CEA /* Project object */ = {
			isa = PBXProject;
			buildConfigurationList = 01E2163D09EDAC6600E66AF8 /* Build configuration list for PBXProject "SampleApp" */;
			compatibilityVersion = "Xcode 2.4";
			hasScannedForEncodings = 1;
			mainGroup = 20286C29FDCF999611CA2CEA /* CICarbonSample */;
			projectDirPath = "";
			projectReferences = (
				{
					ProductGroup = 0028844A0EFAA35C0083E387 /* Products */;
					ProjectRef = 002884490EFAA35C0083E387 /* core.xcodeproj */;
				},
				{
					ProductGroup = 00003C8D0EFC230E000FF73A /* Products */;
					ProjectRef = 00003C8C0EFC230E000FF73A /* effects.xcodeproj */;
				},
				{
					ProductGroup = 002884B50EFAB69F0083E387 /* Products */;
					ProjectRef = 002884B40EFAB69F0083E387 /* maccore.xcodeproj */;
				},
			);
			projectRoot = "";
			targets = (
				8D0C4E890486CD37000505A6 /* CICarbonSample */,
			);
		};
/* End PBXProject section */

/* Begin PBXReferenceProxy section */
		00003C940EFC230E000FF73A /* libeffects.a */ = {
			isa = PBXReferenceProxy;
			fileType = archive.ar;
			path = libeffects.a;
			remoteRef = 00003C930EFC230E000FF73A /* PBXContainerItemProxy */;
			sourceTree = BUILT_PRODUCTS_DIR;
		};
		002884510EFAA35C0083E387 /* libcore.a */ = {
			isa = PBXReferenceProxy;
			fileType = archive.ar;
			path = libcore.a;
			remoteRef = 002884500EFAA35C0083E387 /* PBXContainerItemProxy */;
			sourceTree = BUILT_PRODUCTS_DIR;
		};
		002884BC0EFAB69F0083E387 /* libmaccore.a */ = {
			isa = PBXReferenceProxy;
			fileType = archive.ar;
			path = libmaccore.a;
			remoteRef = 002884BB0EFAB69F0083E387 /* PBXContainerItemProxy */;
			sourceTree = BUILT_PRODUCTS_DIR;
		};
/* End PBXReferenceProxy section */

/* Begin PBXResourcesBuildPhase section */
		8D0C4E8C0486CD37000505A6 /* Resources */ = {
			isa = PBXResourcesBuildPhase;
			buildActionMask = 2147483647;
			files = (
				8D0C4E8D0486CD37000505A6 /* InfoPlist.strings in Resources */,
				8D0C4E8E0486CD37000505A6 /* main.nib in Resources */,
			);
			runOnlyForDeploymentPostprocessing = 0;
		};
/* End PBXResourcesBuildPhase section */

/* Begin PBXSourcesBuildPhase section */
		8D0C4E8F0486CD37000505A6 /* Sources */ = {
			isa = PBXSourcesBuildPhase;
			buildActionMask = 2147483647;
			files = (
				00003C660EFC22A8000FF73A /* SampleApp.cpp in Sources */,
				00003C680EFC22A8000FF73A /* SamplePath.cpp in Sources */,
				00003C690EFC22A8000FF73A /* SamplePathEffects.cpp in Sources */,
				00003C740EFC22CE000FF73A /* SkEvent.cpp in Sources */,
				00003C750EFC22CE000FF73A /* SkEventSink.cpp in Sources */,
				00003C760EFC22CE000FF73A /* SkMetaData.cpp in Sources */,
				00003C770EFC22CE000FF73A /* SkOSMenu.cpp in Sources */,
				00003C790EFC22CE000FF73A /* SkTagList.cpp in Sources */,
				00003C7A0EFC22CE000FF73A /* SkView.cpp in Sources */,
				00003C7B0EFC22CE000FF73A /* SkViewPriv.cpp in Sources */,
				00003C7C0EFC22CE000FF73A /* SkWindow.cpp in Sources */,
				00003C810EFC22E1000FF73A /* skia_mac.cp in Sources */,
				00003C820EFC22E1000FF73A /* SkOSWindow_Mac.cpp in Sources */,
				00003C9E0EFC233F000FF73A /* SkDOM.cpp in Sources */,
				00003C9F0EFC233F000FF73A /* SkParse.cpp in Sources */,
				00003CA00EFC233F000FF73A /* SkParseColor.cpp in Sources */,
				00003CA10EFC233F000FF73A /* SkXMLParser.cpp in Sources */,
				00003CA40EFC235F000FF73A /* SkXMLParser_empty.cpp in Sources */,
				00A41E4B0EFC312F00C9CBEB /* SampleArc.cpp in Sources */,
				0041CDDB0F00975E00695E8C /* SampleImageDir.cpp in Sources */,
				0041CDF30F009ED100695E8C /* SkImageRef.cpp in Sources */,
				0041CDF60F009EED00695E8C /* SkImageRef_GlobalPool.cpp in Sources */,
				0041CDFA0F009F0700695E8C /* SkImageRefPool.cpp in Sources */,
				0041CE350F00A12400695E8C /* SampleBitmapRect.cpp in Sources */,
				0041CE360F00A12400695E8C /* SampleCamera.cpp in Sources */,
				0041CE370F00A12400695E8C /* SampleCircle.cpp in Sources */,
				0041CE380F00A12400695E8C /* SampleCull.cpp in Sources */,
				0041CE390F00A12400695E8C /* SampleDither.cpp in Sources */,
				0041CE3A0F00A12400695E8C /* SampleDrawLooper.cpp in Sources */,
				0041CE3B0F00A12400695E8C /* SampleEmboss.cpp in Sources */,
				0041CE3D0F00A12400695E8C /* SampleFillType.cpp in Sources */,
				0041CE3E0F00A12400695E8C /* SampleFilter.cpp in Sources */,
				0041CE3F0F00A12400695E8C /* SampleFilter2.cpp in Sources */,
				0041CE400F00A12400695E8C /* SampleFontCache.cpp in Sources */,
				0041CE420F00A12400695E8C /* SampleImage.cpp in Sources */,
				0041CE430F00A12400695E8C /* SampleLayers.cpp in Sources */,
				0041CE450F00A12400695E8C /* SampleMeasure.cpp in Sources */,
				0041CE480F00A12400695E8C /* SampleOverflow.cpp in Sources */,
				0041CE4A0F00A12400695E8C /* SamplePatch.cpp in Sources */,
				0041CE470F00A12400695E8C /* SampleNinePatch.cpp in Sources */,
				007A7CB40F01658C00A2D6EE /* SamplePoints.cpp in Sources */,
				007A7CB70F01658C00A2D6EE /* SampleShaders.cpp in Sources */,
				007A7CB80F01658C00A2D6EE /* SampleStrokeText.cpp in Sources */,
				007A7CBA0F01658C00A2D6EE /* SampleText.cpp in Sources */,
				007A7CBB0F01658C00A2D6EE /* SampleTextAlpha.cpp in Sources */,
				007A7CBC0F01658C00A2D6EE /* SampleTextEffects.cpp in Sources */,
				007A7CBD0F01658C00A2D6EE /* SampleTextOnPath.cpp in Sources */,
				007A7CBE0F01658C00A2D6EE /* SampleTiling.cpp in Sources */,
				007A7CBF0F01658C00A2D6EE /* SampleTypeface.cpp in Sources */,
				007A7CC00F01658C00A2D6EE /* SampleVertices.cpp in Sources */,
				007A7CC10F01658C00A2D6EE /* SampleXfermodes.cpp in Sources */,
				0041CE3C0F00A12400695E8C /* SampleEncode.cpp in Sources */,
				007A7CB60F01658C00A2D6EE /* SampleRegion.cpp in Sources */,
				007C785E0F3B4C230004B142 /* SamplePathClip.cpp in Sources */,
				009CC9190F65918A002185BE /* SampleFontScalerTest.cpp in Sources */,
				007A7CB30F01658C00A2D6EE /* SamplePicture.cpp in Sources */,
				2714E7960F7733EE00E95AE0 /* SkDrawable.cpp in Sources */,
				0041CE440F00A12400695E8C /* SampleLines.cpp in Sources */,
				008C4D980F77DAEE0056981C /* SampleHairline.cpp in Sources */,
			);
			runOnlyForDeploymentPostprocessing = 0;
		};
/* End PBXSourcesBuildPhase section */

/* Begin PBXTargetDependency section */
		00003C980EFC2321000FF73A /* PBXTargetDependency */ = {
			isa = PBXTargetDependency;
			name = effects;
			targetProxy = 00003C970EFC2321000FF73A /* PBXContainerItemProxy */;
		};
		002884550EFAA3770083E387 /* PBXTargetDependency */ = {
			isa = PBXTargetDependency;
			name = core;
			targetProxy = 002884540EFAA3770083E387 /* PBXContainerItemProxy */;
		};
		002884BF0EFAB6B00083E387 /* PBXTargetDependency */ = {
			isa = PBXTargetDependency;
			name = maccore;
			targetProxy = 002884BE0EFAB6B00083E387 /* PBXContainerItemProxy */;
		};
/* End PBXTargetDependency section */

/* Begin PBXVariantGroup section */
		02345980000FD03B11CA0E72 /* main.nib */ = {
			isa = PBXVariantGroup;
			children = (
				1870340FFE93FCAF11CA0CD7 /* English */,
			);
			name = main.nib;
			sourceTree = "<group>";
		};
		0867D6AAFE840B52C02AAC07 /* InfoPlist.strings */ = {
			isa = PBXVariantGroup;
			children = (
				0867D6ABFE840B52C02AAC07 /* English */,
			);
			name = InfoPlist.strings;
			sourceTree = "<group>";
		};
/* End PBXVariantGroup section */

/* Begin XCBuildConfiguration section */
		01E2163A09EDAC6600E66AF8 /* Debug */ = {
			isa = XCBuildConfiguration;
			buildSettings = {
				COPY_PHASE_STRIP = NO;
				GCC_DYNAMIC_NO_PIC = NO;
				GCC_ENABLE_FIX_AND_CONTINUE = YES;
				GCC_GENERATE_DEBUGGING_SYMBOLS = YES;
				GCC_OPTIMIZATION_LEVEL = 0;
				GCC_PRECOMPILE_PREFIX_HEADER = YES;
				GCC_PREFIX_HEADER = CICarbonSample_Prefix.pch;
				GCC_WARN_ABOUT_RETURN_TYPE = YES;
				GCC_WARN_UNUSED_VARIABLE = YES;
				INFOPLIST_FILE = Info.plist;
				INSTALL_PATH = "$(HOME)/Applications";
				PREBINDING = NO;
				PRODUCT_NAME = CICarbonSample;
				SKIP_INSTALL = YES;
				WRAPPER_EXTENSION = app;
				ZERO_LINK = YES;
			};
			name = Debug;
		};
		01E2163B09EDAC6600E66AF8 /* Release */ = {
			isa = XCBuildConfiguration;
			buildSettings = {
				COPY_PHASE_STRIP = YES;
				GCC_ENABLE_FIX_AND_CONTINUE = NO;
				GCC_GENERATE_DEBUGGING_SYMBOLS = NO;
				GCC_PRECOMPILE_PREFIX_HEADER = YES;
				GCC_PREFIX_HEADER = CICarbonSample_Prefix.pch;
				GCC_WARN_ABOUT_RETURN_TYPE = YES;
				GCC_WARN_UNUSED_VARIABLE = YES;
				INFOPLIST_FILE = Info.plist;
				INSTALL_PATH = "$(HOME)/Applications";
				PREBINDING = NO;
				PRODUCT_NAME = CICarbonSample;
				SKIP_INSTALL = YES;
				WRAPPER_EXTENSION = app;
				ZERO_LINK = NO;
			};
			name = Release;
		};
		01E2163E09EDAC6600E66AF8 /* Debug */ = {
			isa = XCBuildConfiguration;
			buildSettings = {
				GCC_ENABLE_CPP_EXCEPTIONS = NO;
				GCC_ENABLE_CPP_RTTI = NO;
				GCC_PREPROCESSOR_DEFINITIONS = (
					SK_BUILD_FOR_MAC,
					SK_DEBUG,
				);
				GCC_THREADSAFE_STATICS = NO;
				SDKROOT = /Developer/SDKs/MacOSX10.4u.sdk;
				USER_HEADER_SEARCH_PATHS = "../../include/**";
			};
			name = Debug;
		};
		01E2163F09EDAC6600E66AF8 /* Release */ = {
			isa = XCBuildConfiguration;
			buildSettings = {
				GCC_ENABLE_CPP_EXCEPTIONS = NO;
				GCC_ENABLE_CPP_RTTI = NO;
				GCC_PREPROCESSOR_DEFINITIONS = (
					SK_BUILD_FOR_MAC,
					SK_RELEASE,
				);
				GCC_THREADSAFE_STATICS = NO;
				SDKROOT = /Developer/SDKs/MacOSX10.4u.sdk;
				USER_HEADER_SEARCH_PATHS = "../../include/**";
			};
			name = Release;
		};
/* End XCBuildConfiguration section */

/* Begin XCConfigurationList section */
		01E2163909EDAC6600E66AF8 /* Build configuration list for PBXNativeTarget "CICarbonSample" */ = {
			isa = XCConfigurationList;
			buildConfigurations = (
				01E2163A09EDAC6600E66AF8 /* Debug */,
				01E2163B09EDAC6600E66AF8 /* Release */,
			);
			defaultConfigurationIsVisible = 0;
			defaultConfigurationName = Debug;
		};
		01E2163D09EDAC6600E66AF8 /* Build configuration list for PBXProject "SampleApp" */ = {
			isa = XCConfigurationList;
			buildConfigurations = (
				01E2163E09EDAC6600E66AF8 /* Debug */,
				01E2163F09EDAC6600E66AF8 /* Release */,
			);
			defaultConfigurationIsVisible = 0;
			defaultConfigurationName = Debug;
		};
/* End XCConfigurationList section */
	};
	rootObject = 20286C28FDCF999611CA2CEA /* Project object */;
}
